// !$*UTF8*$!
{
	archiveVersion = 1;
	classes = {
	};
	objectVersion = 56;
	objects = {

/* Begin PBXBuildFile section */
		49E7669F291E91B200354E0B /* LaunchScreenView.swift in Sources */ = {isa = PBXBuildFile; fileRef = 49E7669E291E91B200354E0B /* LaunchScreenView.swift */; };
		E730A949291BB9490033B05C /* ZalZaZaApp.swift in Sources */ = {isa = PBXBuildFile; fileRef = E730A948291BB9490033B05C /* ZalZaZaApp.swift */; };
		E730A94B291BB9490033B05C /* ContentView.swift in Sources */ = {isa = PBXBuildFile; fileRef = E730A94A291BB9490033B05C /* ContentView.swift */; };
		E730A94D291BB94A0033B05C /* Assets.xcassets in Resources */ = {isa = PBXBuildFile; fileRef = E730A94C291BB94A0033B05C /* Assets.xcassets */; };
		E730A950291BB94A0033B05C /* Preview Assets.xcassets in Resources */ = {isa = PBXBuildFile; fileRef = E730A94F291BB94A0033B05C /* Preview Assets.xcassets */; };
		E7BEAC2F291FC43600C05216 /* model_coreml_float32.mlmodel in Sources */ = {isa = PBXBuildFile; fileRef = E7BEAC2E291FC43600C05216 /* model_coreml_float32.mlmodel */; };
/* End PBXBuildFile section */

/* Begin PBXFileReference section */
		49E7669E291E91B200354E0B /* LaunchScreenView.swift */ = {isa = PBXFileReference; lastKnownFileType = sourcecode.swift; path = LaunchScreenView.swift; sourceTree = "<group>"; };
		E730A945291BB9490033B05C /* ZalZaZa.app */ = {isa = PBXFileReference; explicitFileType = wrapper.application; includeInIndex = 0; path = ZalZaZa.app; sourceTree = BUILT_PRODUCTS_DIR; };
		E730A948291BB9490033B05C /* ZalZaZaApp.swift */ = {isa = PBXFileReference; lastKnownFileType = sourcecode.swift; path = ZalZaZaApp.swift; sourceTree = "<group>"; };
		E730A94A291BB9490033B05C /* ContentView.swift */ = {isa = PBXFileReference; lastKnownFileType = sourcecode.swift; path = ContentView.swift; sourceTree = "<group>"; };
		E730A94C291BB94A0033B05C /* Assets.xcassets */ = {isa = PBXFileReference; lastKnownFileType = folder.assetcatalog; path = Assets.xcassets; sourceTree = "<group>"; };
		E730A94F291BB94A0033B05C /* Preview Assets.xcassets */ = {isa = PBXFileReference; lastKnownFileType = folder.assetcatalog; path = "Preview Assets.xcassets"; sourceTree = "<group>"; };
		E7BEAC2E291FC43600C05216 /* model_coreml_float32.mlmodel */ = {isa = PBXFileReference; lastKnownFileType = file.mlmodel; path = model_coreml_float32.mlmodel; sourceTree = "<group>"; };
/* End PBXFileReference section */

/* Begin PBXFrameworksBuildPhase section */
		E730A942291BB9490033B05C /* Frameworks */ = {
			isa = PBXFrameworksBuildPhase;
			buildActionMask = 2147483647;
			files = (
			);
			runOnlyForDeploymentPostprocessing = 0;
		};
/* End PBXFrameworksBuildPhase section */

/* Begin PBXGroup section */
		E730A93C291BB9490033B05C = {
			isa = PBXGroup;
			children = (
				E730A947291BB9490033B05C /* ZalZaZa */,
				E730A946291BB9490033B05C /* Products */,
			);
			sourceTree = "<group>";
		};
		E730A946291BB9490033B05C /* Products */ = {
			isa = PBXGroup;
			children = (
				E730A945291BB9490033B05C /* ZalZaZa.app */,
			);
			name = Products;
			sourceTree = "<group>";
		};
		E730A947291BB9490033B05C /* ZalZaZa */ = {
			isa = PBXGroup;
			children = (
				E7BEAC2D291FC38A00C05216 /* Utils */,
				E7BEAC2C291FC37F00C05216 /* Extensions+Types */,
				E7BEAC2B291FC37800C05216 /* Model */,
				E7BEAC2A291FC36E00C05216 /* Pose */,
				E730A95A291BBA360033B05C /* APP */,
				E730A959291BBA2B0033B05C /* UI */,
				E730A94C291BB94A0033B05C /* Assets.xcassets */,
				E730A94E291BB94A0033B05C /* Preview Content */,
			);
			path = ZalZaZa;
			sourceTree = "<group>";
		};
		E730A94E291BB94A0033B05C /* Preview Content */ = {
			isa = PBXGroup;
			children = (
				E730A94F291BB94A0033B05C /* Preview Assets.xcassets */,
			);
			path = "Preview Content";
			sourceTree = "<group>";
		};
		E730A959291BBA2B0033B05C /* UI */ = {
			isa = PBXGroup;
			children = (
				E730A94A291BB9490033B05C /* ContentView.swift */,
				49E7669E291E91B200354E0B /* LaunchScreenView.swift */,
			);
			path = UI;
			sourceTree = "<group>";
		};
		E730A95A291BBA360033B05C /* APP */ = {
			isa = PBXGroup;
			children = (
				E730A948291BB9490033B05C /* ZalZaZaApp.swift */,
			);
			path = APP;
			sourceTree = "<group>";
		};
		E7BEAC2A291FC36E00C05216 /* Pose */ = {
			isa = PBXGroup;
			children = (
			);
			path = Pose;
			sourceTree = "<group>";
		};
		E7BEAC2B291FC37800C05216 /* Model */ = {
			isa = PBXGroup;
			children = (
				E7BEAC2E291FC43600C05216 /* model_coreml_float32.mlmodel */,
			);
			path = Model;
			sourceTree = "<group>";
		};
		E7BEAC2C291FC37F00C05216 /* Extensions+Types */ = {
			isa = PBXGroup;
			children = (
			);
			path = "Extensions+Types";
			sourceTree = "<group>";
		};
		E7BEAC2D291FC38A00C05216 /* Utils */ = {
			isa = PBXGroup;
			children = (
			);
			path = Utils;
			sourceTree = "<group>";
		};
/* End PBXGroup section */

/* Begin PBXNativeTarget section */
		E730A944291BB9490033B05C /* ZalZaZa */ = {
			isa = PBXNativeTarget;
			buildConfigurationList = E730A953291BB94A0033B05C /* Build configuration list for PBXNativeTarget "ZalZaZa" */;
			buildPhases = (
				E730A941291BB9490033B05C /* Sources */,
				E730A942291BB9490033B05C /* Frameworks */,
				E730A943291BB9490033B05C /* Resources */,
			);
			buildRules = (
			);
			dependencies = (
			);
			name = ZalZaZa;
			productName = ZalZaZa;
			productReference = E730A945291BB9490033B05C /* ZalZaZa.app */;
			productType = "com.apple.product-type.application";
		};
/* End PBXNativeTarget section */

/* Begin PBXProject section */
		E730A93D291BB9490033B05C /* Project object */ = {
			isa = PBXProject;
			attributes = {
				BuildIndependentTargetsInParallel = 1;
				LastSwiftUpdateCheck = 1400;
				LastUpgradeCheck = 1400;
				TargetAttributes = {
					E730A944291BB9490033B05C = {
						CreatedOnToolsVersion = 14.0.1;
					};
				};
			};
			buildConfigurationList = E730A940291BB9490033B05C /* Build configuration list for PBXProject "ZalZaZa" */;
			compatibilityVersion = "Xcode 14.0";
			developmentRegion = en;
			hasScannedForEncodings = 0;
			knownRegions = (
				en,
				Base,
			);
			mainGroup = E730A93C291BB9490033B05C;
			productRefGroup = E730A946291BB9490033B05C /* Products */;
			projectDirPath = "";
			projectRoot = "";
			targets = (
				E730A944291BB9490033B05C /* ZalZaZa */,
			);
		};
/* End PBXProject section */

/* Begin PBXResourcesBuildPhase section */
		E730A943291BB9490033B05C /* Resources */ = {
			isa = PBXResourcesBuildPhase;
			buildActionMask = 2147483647;
			files = (
				E730A950291BB94A0033B05C /* Preview Assets.xcassets in Resources */,
				E730A94D291BB94A0033B05C /* Assets.xcassets in Resources */,
			);
			runOnlyForDeploymentPostprocessing = 0;
		};
/* End PBXResourcesBuildPhase section */

/* Begin PBXSourcesBuildPhase section */
		E730A941291BB9490033B05C /* Sources */ = {
			isa = PBXSourcesBuildPhase;
			buildActionMask = 2147483647;
			files = (
				E7BEAC2F291FC43600C05216 /* model_coreml_float32.mlmodel in Sources */,
				E730A94B291BB9490033B05C /* ContentView.swift in Sources */,
				E730A949291BB9490033B05C /* ZalZaZaApp.swift in Sources */,
				49E7669F291E91B200354E0B /* LaunchScreenView.swift in Sources */,
			);
			runOnlyForDeploymentPostprocessing = 0;
		};
/* End PBXSourcesBuildPhase section */

/* Begin XCBuildConfiguration section */
		E730A951291BB94A0033B05C /* Debug */ = {
			isa = XCBuildConfiguration;
			buildSettings = {
				ALWAYS_SEARCH_USER_PATHS = NO;
				CLANG_ANALYZER_NONNULL = YES;
				CLANG_ANALYZER_NUMBER_OBJECT_CONVERSION = YES_AGGRESSIVE;
				CLANG_CXX_LANGUAGE_STANDARD = "gnu++20";
				CLANG_ENABLE_MODULES = YES;
				CLANG_ENABLE_OBJC_ARC = YES;
				CLANG_ENABLE_OBJC_WEAK = YES;
				CLANG_WARN_BLOCK_CAPTURE_AUTORELEASING = YES;
				CLANG_WARN_BOOL_CONVERSION = YES;
				CLANG_WARN_COMMA = YES;
				CLANG_WARN_CONSTANT_CONVERSION = YES;
				CLANG_WARN_DEPRECATED_OBJC_IMPLEMENTATIONS = YES;
				CLANG_WARN_DIRECT_OBJC_ISA_USAGE = YES_ERROR;
				CLANG_WARN_DOCUMENTATION_COMMENTS = YES;
				CLANG_WARN_EMPTY_BODY = YES;
				CLANG_WARN_ENUM_CONVERSION = YES;
				CLANG_WARN_INFINITE_RECURSION = YES;
				CLANG_WARN_INT_CONVERSION = YES;
				CLANG_WARN_NON_LITERAL_NULL_CONVERSION = YES;
				CLANG_WARN_OBJC_IMPLICIT_RETAIN_SELF = YES;
				CLANG_WARN_OBJC_LITERAL_CONVERSION = YES;
				CLANG_WARN_OBJC_ROOT_CLASS = YES_ERROR;
				CLANG_WARN_QUOTED_INCLUDE_IN_FRAMEWORK_HEADER = YES;
				CLANG_WARN_RANGE_LOOP_ANALYSIS = YES;
				CLANG_WARN_STRICT_PROTOTYPES = YES;
				CLANG_WARN_SUSPICIOUS_MOVE = YES;
				CLANG_WARN_UNGUARDED_AVAILABILITY = YES_AGGRESSIVE;
				CLANG_WARN_UNREACHABLE_CODE = YES;
				CLANG_WARN__DUPLICATE_METHOD_MATCH = YES;
				COPY_PHASE_STRIP = NO;
				DEBUG_INFORMATION_FORMAT = dwarf;
				ENABLE_STRICT_OBJC_MSGSEND = YES;
				ENABLE_TESTABILITY = YES;
				GCC_C_LANGUAGE_STANDARD = gnu11;
				GCC_DYNAMIC_NO_PIC = NO;
				GCC_NO_COMMON_BLOCKS = YES;
				GCC_OPTIMIZATION_LEVEL = 0;
				GCC_PREPROCESSOR_DEFINITIONS = (
					"DEBUG=1",
					"$(inherited)",
				);
				GCC_WARN_64_TO_32_BIT_CONVERSION = YES;
				GCC_WARN_ABOUT_RETURN_TYPE = YES_ERROR;
				GCC_WARN_UNDECLARED_SELECTOR = YES;
				GCC_WARN_UNINITIALIZED_AUTOS = YES_AGGRESSIVE;
				GCC_WARN_UNUSED_FUNCTION = YES;
				GCC_WARN_UNUSED_VARIABLE = YES;
				IPHONEOS_DEPLOYMENT_TARGET = 16.0;
				MTL_ENABLE_DEBUG_INFO = INCLUDE_SOURCE;
				MTL_FAST_MATH = YES;
				ONLY_ACTIVE_ARCH = YES;
				SDKROOT = iphoneos;
				SWIFT_ACTIVE_COMPILATION_CONDITIONS = DEBUG;
				SWIFT_OPTIMIZATION_LEVEL = "-Onone";
			};
			name = Debug;
		};
		E730A952291BB94A0033B05C /* Release */ = {
			isa = XCBuildConfiguration;
			buildSettings = {
				ALWAYS_SEARCH_USER_PATHS = NO;
				CLANG_ANALYZER_NONNULL = YES;
				CLANG_ANALYZER_NUMBER_OBJECT_CONVERSION = YES_AGGRESSIVE;
				CLANG_CXX_LANGUAGE_STANDARD = "gnu++20";
				CLANG_ENABLE_MODULES = YES;
				CLANG_ENABLE_OBJC_ARC = YES;
				CLANG_ENABLE_OBJC_WEAK = YES;
				CLANG_WARN_BLOCK_CAPTURE_AUTORELEASING = YES;
				CLANG_WARN_BOOL_CONVERSION = YES;
				CLANG_WARN_COMMA = YES;
				CLANG_WARN_CONSTANT_CONVERSION = YES;
				CLANG_WARN_DEPRECATED_OBJC_IMPLEMENTATIONS = YES;
				CLANG_WARN_DIRECT_OBJC_ISA_USAGE = YES_ERROR;
				CLANG_WARN_DOCUMENTATION_COMMENTS = YES;
				CLANG_WARN_EMPTY_BODY = YES;
				CLANG_WARN_ENUM_CONVERSION = YES;
				CLANG_WARN_INFINITE_RECURSION = YES;
				CLANG_WARN_INT_CONVERSION = YES;
				CLANG_WARN_NON_LITERAL_NULL_CONVERSION = YES;
				CLANG_WARN_OBJC_IMPLICIT_RETAIN_SELF = YES;
				CLANG_WARN_OBJC_LITERAL_CONVERSION = YES;
				CLANG_WARN_OBJC_ROOT_CLASS = YES_ERROR;
				CLANG_WARN_QUOTED_INCLUDE_IN_FRAMEWORK_HEADER = YES;
				CLANG_WARN_RANGE_LOOP_ANALYSIS = YES;
				CLANG_WARN_STRICT_PROTOTYPES = YES;
				CLANG_WARN_SUSPICIOUS_MOVE = YES;
				CLANG_WARN_UNGUARDED_AVAILABILITY = YES_AGGRESSIVE;
				CLANG_WARN_UNREACHABLE_CODE = YES;
				CLANG_WARN__DUPLICATE_METHOD_MATCH = YES;
				COPY_PHASE_STRIP = NO;
				DEBUG_INFORMATION_FORMAT = "dwarf-with-dsym";
				ENABLE_NS_ASSERTIONS = NO;
				ENABLE_STRICT_OBJC_MSGSEND = YES;
				GCC_C_LANGUAGE_STANDARD = gnu11;
				GCC_NO_COMMON_BLOCKS = YES;
				GCC_WARN_64_TO_32_BIT_CONVERSION = YES;
				GCC_WARN_ABOUT_RETURN_TYPE = YES_ERROR;
				GCC_WARN_UNDECLARED_SELECTOR = YES;
				GCC_WARN_UNINITIALIZED_AUTOS = YES_AGGRESSIVE;
				GCC_WARN_UNUSED_FUNCTION = YES;
				GCC_WARN_UNUSED_VARIABLE = YES;
				IPHONEOS_DEPLOYMENT_TARGET = 16.0;
				MTL_ENABLE_DEBUG_INFO = NO;
				MTL_FAST_MATH = YES;
				SDKROOT = iphoneos;
				SWIFT_COMPILATION_MODE = wholemodule;
				SWIFT_OPTIMIZATION_LEVEL = "-O";
				VALIDATE_PRODUCT = YES;
			};
			name = Release;
		};
		E730A954291BB94A0033B05C /* Debug */ = {
			isa = XCBuildConfiguration;
			buildSettings = {
				ASSETCATALOG_COMPILER_APPICON_NAME = AppIcon;
				ASSETCATALOG_COMPILER_GLOBAL_ACCENT_COLOR_NAME = AccentColor;
				CODE_SIGN_STYLE = Automatic;
				CURRENT_PROJECT_VERSION = 1;
				DEVELOPMENT_ASSET_PATHS = "\"ZalZaZa/Preview Content\"";
				DEVELOPMENT_TEAM = L6U78J7MGY;
				ENABLE_PREVIEWS = YES;
				GENERATE_INFOPLIST_FILE = YES;
				INFOPLIST_KEY_UIApplicationSceneManifest_Generation = YES;
				INFOPLIST_KEY_UIApplicationSupportsIndirectInputEvents = YES;
				INFOPLIST_KEY_UILaunchScreen_Generation = YES;
				INFOPLIST_KEY_UISupportedInterfaceOrientations_iPad = "UIInterfaceOrientationPortrait UIInterfaceOrientationPortraitUpsideDown UIInterfaceOrientationLandscapeLeft UIInterfaceOrientationLandscapeRight";
				INFOPLIST_KEY_UISupportedInterfaceOrientations_iPhone = "UIInterfaceOrientationPortrait UIInterfaceOrientationLandscapeLeft UIInterfaceOrientationLandscapeRight";
				LD_RUNPATH_SEARCH_PATHS = (
					"$(inherited)",
					"@executable_path/Frameworks",
				);
				MARKETING_VERSION = 1.0;
				PRODUCT_BUNDLE_IDENTIFIER = "DA2022-2.senior.zzz.ZalZaZa";
				PRODUCT_NAME = "$(TARGET_NAME)";
				SWIFT_EMIT_LOC_STRINGS = YES;
				SWIFT_VERSION = 5.0;
				TARGETED_DEVICE_FAMILY = "1,2";
			};
			name = Debug;
		};
		E730A955291BB94A0033B05C /* Release */ = {
			isa = XCBuildConfiguration;
			buildSettings = {
				ASSETCATALOG_COMPILER_APPICON_NAME = AppIcon;
				ASSETCATALOG_COMPILER_GLOBAL_ACCENT_COLOR_NAME = AccentColor;
				CODE_SIGN_STYLE = Automatic;
				CURRENT_PROJECT_VERSION = 1;
				DEVELOPMENT_ASSET_PATHS = "\"ZalZaZa/Preview Content\"";
				DEVELOPMENT_TEAM = L6U78J7MGY;
				ENABLE_PREVIEWS = YES;
				GENERATE_INFOPLIST_FILE = YES;
				INFOPLIST_KEY_UIApplicationSceneManifest_Generation = YES;
				INFOPLIST_KEY_UIApplicationSupportsIndirectInputEvents = YES;
				INFOPLIST_KEY_UILaunchScreen_Generation = YES;
				INFOPLIST_KEY_UISupportedInterfaceOrientations_iPad = "UIInterfaceOrientationPortrait UIInterfaceOrientationPortraitUpsideDown UIInterfaceOrientationLandscapeLeft UIInterfaceOrientationLandscapeRight";
				INFOPLIST_KEY_UISupportedInterfaceOrientations_iPhone = "UIInterfaceOrientationPortrait UIInterfaceOrientationLandscapeLeft UIInterfaceOrientationLandscapeRight";
				LD_RUNPATH_SEARCH_PATHS = (
					"$(inherited)",
					"@executable_path/Frameworks",
				);
				MARKETING_VERSION = 1.0;
				PRODUCT_BUNDLE_IDENTIFIER = "DA2022-2.senior.zzz.ZalZaZa";
				PRODUCT_NAME = "$(TARGET_NAME)";
				SWIFT_EMIT_LOC_STRINGS = YES;
				SWIFT_VERSION = 5.0;
				TARGETED_DEVICE_FAMILY = "1,2";
			};
			name = Release;
		};
/* End XCBuildConfiguration section */

/* Begin XCConfigurationList section */
		E730A940291BB9490033B05C /* Build configuration list for PBXProject "ZalZaZa" */ = {
			isa = XCConfigurationList;
			buildConfigurations = (
				E730A951291BB94A0033B05C /* Debug */,
				E730A952291BB94A0033B05C /* Release */,
			);
			defaultConfigurationIsVisible = 0;
			defaultConfigurationName = Release;
		};
		E730A953291BB94A0033B05C /* Build configuration list for PBXNativeTarget "ZalZaZa" */ = {
			isa = XCConfigurationList;
			buildConfigurations = (
				E730A954291BB94A0033B05C /* Debug */,
				E730A955291BB94A0033B05C /* Release */,
			);
			defaultConfigurationIsVisible = 0;
			defaultConfigurationName = Release;
		};
/* End XCConfigurationList section */
	};
	rootObject = E730A93D291BB9490033B05C /* Project object */;
}
