// !$*UTF8*$!
{
	archiveVersion = 1;
	classes = {
	};
	objectVersion = 56;
	objects = {

/* Begin PBXBuildFile section */
		3F1948E6291F9D7E00F806C9 /* LakeView.swift in Sources */ = {isa = PBXBuildFile; fileRef = 3F1948E5291F9D7E00F806C9 /* LakeView.swift */; };
		3F3AC8AA29220F860030A2D9 /* keypoints.json in Resources */ = {isa = PBXBuildFile; fileRef = 3F3AC8A929220F860030A2D9 /* keypoints.json */; };
		3F3AC8AC292220820030A2D9 /* OsoTed8.dae in Resources */ = {isa = PBXBuildFile; fileRef = 3F3AC8AB292220820030A2D9 /* OsoTed8.dae */; };
		3F3AC8AE2922219D0030A2D9 /* SpaceScene.scn in Resources */ = {isa = PBXBuildFile; fileRef = 3F3AC8AD2922219D0030A2D9 /* SpaceScene.scn */; };
		3F3AC8B02922250B0030A2D9 /* SpaceView.swift in Sources */ = {isa = PBXBuildFile; fileRef = 3F3AC8AF2922250B0030A2D9 /* SpaceView.swift */; };
		3F5DA77A292E1D8C008A5E9C /* SleepContestView.swift in Sources */ = {isa = PBXBuildFile; fileRef = 3F5DA779292E1D8C008A5E9C /* SleepContestView.swift */; };
		3F5DA77C292E1EB4008A5E9C /* Contest.swift in Sources */ = {isa = PBXBuildFile; fileRef = 3F5DA77B292E1EB4008A5E9C /* Contest.swift */; };
		3F5DA780292E238B008A5E9C /* ContestRow.swift in Sources */ = {isa = PBXBuildFile; fileRef = 3F5DA77F292E238B008A5E9C /* ContestRow.swift */; };
		3F5DA782292E2A53008A5E9C /* ModelData.swift in Sources */ = {isa = PBXBuildFile; fileRef = 3F5DA781292E2A53008A5E9C /* ModelData.swift */; };
		3F5DA784292E2C69008A5E9C /* contestData.json in Resources */ = {isa = PBXBuildFile; fileRef = 3F5DA783292E2C69008A5E9C /* contestData.json */; };
		3FB1DBAF292F2B2300F5C12A /* ContestItem.swift in Sources */ = {isa = PBXBuildFile; fileRef = 3FB1DBAE292F2B2300F5C12A /* ContestItem.swift */; };
		3FF23E38291F96E800E38AA3 /* CalmLakeScene.scn in Resources */ = {isa = PBXBuildFile; fileRef = 3FF23E37291F96E800E38AA3 /* CalmLakeScene.scn */; };
		4952CECA292942F100C19886 /* SleepNavigationView.swift in Sources */ = {isa = PBXBuildFile; fileRef = 4952CEC9292942F100C19886 /* SleepNavigationView.swift */; };
		496DEEEB292E153F0037C0E7 /* ProfileView.swift in Sources */ = {isa = PBXBuildFile; fileRef = 496DEEEA292E153F0037C0E7 /* ProfileView.swift */; };
		497A634D291FED9A009EA321 /* LaunchScreenView.swift in Sources */ = {isa = PBXBuildFile; fileRef = 497A634B291FED9A009EA321 /* LaunchScreenView.swift */; };
		497A634E291FED9A009EA321 /* ContentView.swift in Sources */ = {isa = PBXBuildFile; fileRef = 497A634C291FED9A009EA321 /* ContentView.swift */; };
		497AB4A5292DBB9400E0A3C2 /* FirebaseAuth in Frameworks */ = {isa = PBXBuildFile; productRef = 497AB4A4292DBB9400E0A3C2 /* FirebaseAuth */; };
		497AB4A7292DBB9400E0A3C2 /* FirebaseFirestore in Frameworks */ = {isa = PBXBuildFile; productRef = 497AB4A6292DBB9400E0A3C2 /* FirebaseFirestore */; };
		497AB4A9292DBB9400E0A3C2 /* FirebaseStorage in Frameworks */ = {isa = PBXBuildFile; productRef = 497AB4A8292DBB9400E0A3C2 /* FirebaseStorage */; };
		49881F23292F27B500BB59F3 /* ModalView.swift in Sources */ = {isa = PBXBuildFile; fileRef = 49881F22292F27B500BB59F3 /* ModalView.swift */; };
		49881F422931015100BB59F3 /* ImagePicker.swift in Sources */ = {isa = PBXBuildFile; fileRef = 49881F412931015100BB59F3 /* ImagePicker.swift */; };
		4992135A2921F950009775EF /* CircularProgressView.swift in Sources */ = {isa = PBXBuildFile; fileRef = 499213592921F950009775EF /* CircularProgressView.swift */; };
		499FB0FB291FBC0200147C33 /* Contestant.swift in Sources */ = {isa = PBXBuildFile; fileRef = 499FB0FA291FBC0200147C33 /* Contestant.swift */; };
		499FB0FD291FBCDC00147C33 /* contestants.json in Resources */ = {isa = PBXBuildFile; fileRef = 499FB0FC291FBCDC00147C33 /* contestants.json */; };
		499FB100291FBD4F00147C33 /* DataService.swift in Sources */ = {isa = PBXBuildFile; fileRef = 499FB0FF291FBD4F00147C33 /* DataService.swift */; };
		499FB102291FBD6700147C33 /* ContestantView.swift in Sources */ = {isa = PBXBuildFile; fileRef = 499FB101291FBD6700147C33 /* ContestantView.swift */; };
		499FB104291FBDB000147C33 /* ContestantModel.swift in Sources */ = {isa = PBXBuildFile; fileRef = 499FB103291FBDB000147C33 /* ContestantModel.swift */; };
		49E09E4F292E7AC400C13F07 /* PreviewModel.swift in Sources */ = {isa = PBXBuildFile; fileRef = 49E09E4E292E7AC400C13F07 /* PreviewModel.swift */; };
		49ECC4762921151A0048E9BB /* ZzTabView.swift in Sources */ = {isa = PBXBuildFile; fileRef = 49ECC4752921151A0048E9BB /* ZzTabView.swift */; };
		49F380532928F51A007E96B4 /* LoginView.swift in Sources */ = {isa = PBXBuildFile; fileRef = 49F380522928F51A007E96B4 /* LoginView.swift */; };
		49F380562928FD58007E96B4 /* SignInWithApple.swift in Sources */ = {isa = PBXBuildFile; fileRef = 49F380552928FD58007E96B4 /* SignInWithApple.swift */; };
		E730A949291BB9490033B05C /* ZalZaZaApp.swift in Sources */ = {isa = PBXBuildFile; fileRef = E730A948291BB9490033B05C /* ZalZaZaApp.swift */; };
		E730A94D291BB94A0033B05C /* Assets.xcassets in Resources */ = {isa = PBXBuildFile; fileRef = E730A94C291BB94A0033B05C /* Assets.xcassets */; };
		E730A950291BB94A0033B05C /* Preview Assets.xcassets in Resources */ = {isa = PBXBuildFile; fileRef = E730A94F291BB94A0033B05C /* Preview Assets.xcassets */; };
		E7A4B39A293767830019A0EB /* PrivateSleepViewController.swift in Sources */ = {isa = PBXBuildFile; fileRef = E7A4B399293767830019A0EB /* PrivateSleepViewController.swift */; };
		E7A4B3A02937683B0019A0EB /* model_coreml_float32.mlmodel in Sources */ = {isa = PBXBuildFile; fileRef = E7A4B39C2937683B0019A0EB /* model_coreml_float32.mlmodel */; };
		E7A4B3A12937683B0019A0EB /* BlazePose.swift in Sources */ = {isa = PBXBuildFile; fileRef = E7A4B39D2937683B0019A0EB /* BlazePose.swift */; };
		E7A4B3A22937683B0019A0EB /* BlazePoseOutput.swift in Sources */ = {isa = PBXBuildFile; fileRef = E7A4B39E2937683B0019A0EB /* BlazePoseOutput.swift */; };
		E7A4B3A32937683B0019A0EB /* BlazePoseRGBInput.swift in Sources */ = {isa = PBXBuildFile; fileRef = E7A4B39F2937683B0019A0EB /* BlazePoseRGBInput.swift */; };
		E7A4B3A6293768920019A0EB /* CGImage+Extension.swift in Sources */ = {isa = PBXBuildFile; fileRef = E7A4B3A5293768920019A0EB /* CGImage+Extension.swift */; };
		E7A4B3A829376AF30019A0EB /* GoogleService-Info.plist in Resources */ = {isa = PBXBuildFile; fileRef = E7A4B3A729376AF30019A0EB /* GoogleService-Info.plist */; };
/* End PBXBuildFile section */

/* Begin PBXFileReference section */
		3F1948E5291F9D7E00F806C9 /* LakeView.swift */ = {isa = PBXFileReference; lastKnownFileType = sourcecode.swift; path = LakeView.swift; sourceTree = "<group>"; };
		3F3AC8A929220F860030A2D9 /* keypoints.json */ = {isa = PBXFileReference; lastKnownFileType = text.json; path = keypoints.json; sourceTree = "<group>"; };
		3F3AC8AB292220820030A2D9 /* OsoTed8.dae */ = {isa = PBXFileReference; fileEncoding = 4; lastKnownFileType = text.xml.dae; path = OsoTed8.dae; sourceTree = "<group>"; };
		3F3AC8AD2922219D0030A2D9 /* SpaceScene.scn */ = {isa = PBXFileReference; lastKnownFileType = file.bplist; path = SpaceScene.scn; sourceTree = "<group>"; };
		3F3AC8AF2922250B0030A2D9 /* SpaceView.swift */ = {isa = PBXFileReference; lastKnownFileType = sourcecode.swift; path = SpaceView.swift; sourceTree = "<group>"; };
		3F5DA779292E1D8C008A5E9C /* SleepContestView.swift */ = {isa = PBXFileReference; lastKnownFileType = sourcecode.swift; path = SleepContestView.swift; sourceTree = "<group>"; };
		3F5DA77B292E1EB4008A5E9C /* Contest.swift */ = {isa = PBXFileReference; lastKnownFileType = sourcecode.swift; path = Contest.swift; sourceTree = "<group>"; };
		3F5DA77F292E238B008A5E9C /* ContestRow.swift */ = {isa = PBXFileReference; lastKnownFileType = sourcecode.swift; path = ContestRow.swift; sourceTree = "<group>"; };
		3F5DA781292E2A53008A5E9C /* ModelData.swift */ = {isa = PBXFileReference; lastKnownFileType = sourcecode.swift; path = ModelData.swift; sourceTree = "<group>"; };
		3F5DA783292E2C69008A5E9C /* contestData.json */ = {isa = PBXFileReference; lastKnownFileType = text.json; path = contestData.json; sourceTree = "<group>"; };
		3FB1DBAE292F2B2300F5C12A /* ContestItem.swift */ = {isa = PBXFileReference; lastKnownFileType = sourcecode.swift; path = ContestItem.swift; sourceTree = "<group>"; };
		3FF23E37291F96E800E38AA3 /* CalmLakeScene.scn */ = {isa = PBXFileReference; lastKnownFileType = file.bplist; path = CalmLakeScene.scn; sourceTree = "<group>"; };
		4952CEC9292942F100C19886 /* SleepNavigationView.swift */ = {isa = PBXFileReference; lastKnownFileType = sourcecode.swift; path = SleepNavigationView.swift; sourceTree = "<group>"; };
		496DEEEA292E153F0037C0E7 /* ProfileView.swift */ = {isa = PBXFileReference; lastKnownFileType = sourcecode.swift; path = ProfileView.swift; sourceTree = "<group>"; };
		497A634B291FED9A009EA321 /* LaunchScreenView.swift */ = {isa = PBXFileReference; fileEncoding = 4; lastKnownFileType = sourcecode.swift; path = LaunchScreenView.swift; sourceTree = "<group>"; };
		497A634C291FED9A009EA321 /* ContentView.swift */ = {isa = PBXFileReference; fileEncoding = 4; lastKnownFileType = sourcecode.swift; path = ContentView.swift; sourceTree = "<group>"; };
		49881F22292F27B500BB59F3 /* ModalView.swift */ = {isa = PBXFileReference; lastKnownFileType = sourcecode.swift; path = ModalView.swift; sourceTree = "<group>"; };
		49881F412931015100BB59F3 /* ImagePicker.swift */ = {isa = PBXFileReference; lastKnownFileType = sourcecode.swift; path = ImagePicker.swift; sourceTree = "<group>"; };
		499213592921F950009775EF /* CircularProgressView.swift */ = {isa = PBXFileReference; lastKnownFileType = sourcecode.swift; path = CircularProgressView.swift; sourceTree = "<group>"; };
		499FB0FA291FBC0200147C33 /* Contestant.swift */ = {isa = PBXFileReference; lastKnownFileType = sourcecode.swift; path = Contestant.swift; sourceTree = "<group>"; };
		499FB0FC291FBCDC00147C33 /* contestants.json */ = {isa = PBXFileReference; lastKnownFileType = text.json; path = contestants.json; sourceTree = "<group>"; };
		499FB0FF291FBD4F00147C33 /* DataService.swift */ = {isa = PBXFileReference; lastKnownFileType = sourcecode.swift; path = DataService.swift; sourceTree = "<group>"; };
		499FB101291FBD6700147C33 /* ContestantView.swift */ = {isa = PBXFileReference; lastKnownFileType = sourcecode.swift; path = ContestantView.swift; sourceTree = "<group>"; };
		499FB103291FBDB000147C33 /* ContestantModel.swift */ = {isa = PBXFileReference; lastKnownFileType = sourcecode.swift; path = ContestantModel.swift; sourceTree = "<group>"; };
		49E09E4E292E7AC400C13F07 /* PreviewModel.swift */ = {isa = PBXFileReference; lastKnownFileType = sourcecode.swift; path = PreviewModel.swift; sourceTree = "<group>"; };
		49ECC4752921151A0048E9BB /* ZzTabView.swift */ = {isa = PBXFileReference; lastKnownFileType = sourcecode.swift; path = ZzTabView.swift; sourceTree = "<group>"; };
		49F380522928F51A007E96B4 /* LoginView.swift */ = {isa = PBXFileReference; lastKnownFileType = sourcecode.swift; path = LoginView.swift; sourceTree = "<group>"; };
		49F380552928FD58007E96B4 /* SignInWithApple.swift */ = {isa = PBXFileReference; lastKnownFileType = sourcecode.swift; path = SignInWithApple.swift; sourceTree = "<group>"; };
		E730A945291BB9490033B05C /* ZalZaZa.app */ = {isa = PBXFileReference; explicitFileType = wrapper.application; includeInIndex = 0; path = ZalZaZa.app; sourceTree = BUILT_PRODUCTS_DIR; };
		E730A948291BB9490033B05C /* ZalZaZaApp.swift */ = {isa = PBXFileReference; lastKnownFileType = sourcecode.swift; path = ZalZaZaApp.swift; sourceTree = "<group>"; };
		E730A94C291BB94A0033B05C /* Assets.xcassets */ = {isa = PBXFileReference; lastKnownFileType = folder.assetcatalog; path = Assets.xcassets; sourceTree = "<group>"; };
		E730A94F291BB94A0033B05C /* Preview Assets.xcassets */ = {isa = PBXFileReference; lastKnownFileType = folder.assetcatalog; path = "Preview Assets.xcassets"; sourceTree = "<group>"; };
		E7A4B399293767830019A0EB /* PrivateSleepViewController.swift */ = {isa = PBXFileReference; fileEncoding = 4; lastKnownFileType = sourcecode.swift; path = PrivateSleepViewController.swift; sourceTree = "<group>"; };
		E7A4B39C2937683B0019A0EB /* model_coreml_float32.mlmodel */ = {isa = PBXFileReference; lastKnownFileType = file.mlmodel; path = model_coreml_float32.mlmodel; sourceTree = "<group>"; };
		E7A4B39D2937683B0019A0EB /* BlazePose.swift */ = {isa = PBXFileReference; fileEncoding = 4; lastKnownFileType = sourcecode.swift; path = BlazePose.swift; sourceTree = "<group>"; };
		E7A4B39E2937683B0019A0EB /* BlazePoseOutput.swift */ = {isa = PBXFileReference; fileEncoding = 4; lastKnownFileType = sourcecode.swift; path = BlazePoseOutput.swift; sourceTree = "<group>"; };
		E7A4B39F2937683B0019A0EB /* BlazePoseRGBInput.swift */ = {isa = PBXFileReference; fileEncoding = 4; lastKnownFileType = sourcecode.swift; path = BlazePoseRGBInput.swift; sourceTree = "<group>"; };
		E7A4B3A5293768920019A0EB /* CGImage+Extension.swift */ = {isa = PBXFileReference; fileEncoding = 4; lastKnownFileType = sourcecode.swift; path = "CGImage+Extension.swift"; sourceTree = "<group>"; };
		E7A4B3A729376AF30019A0EB /* GoogleService-Info.plist */ = {isa = PBXFileReference; fileEncoding = 4; lastKnownFileType = text.plist.xml; path = "GoogleService-Info.plist"; sourceTree = "<group>"; };
/* End PBXFileReference section */

/* Begin PBXFrameworksBuildPhase section */
		E730A942291BB9490033B05C /* Frameworks */ = {
			isa = PBXFrameworksBuildPhase;
			buildActionMask = 2147483647;
			files = (
				497AB4A5292DBB9400E0A3C2 /* FirebaseAuth in Frameworks */,
				497AB4A7292DBB9400E0A3C2 /* FirebaseFirestore in Frameworks */,
				497AB4A9292DBB9400E0A3C2 /* FirebaseStorage in Frameworks */,
			);
			runOnlyForDeploymentPostprocessing = 0;
		};
/* End PBXFrameworksBuildPhase section */

/* Begin PBXGroup section */
		49881F402931012A00BB59F3 /* ImagePicker */ = {
			isa = PBXGroup;
			children = (
				49881F412931015100BB59F3 /* ImagePicker.swift */,
			);
			path = ImagePicker;
			sourceTree = "<group>";
		};
		499FB0F6291FBB7100147C33 /* ViewModels */ = {
			isa = PBXGroup;
			children = (
				499FB103291FBDB000147C33 /* ContestantModel.swift */,
				49E09E4E292E7AC400C13F07 /* PreviewModel.swift */,
				3F5DA781292E2A53008A5E9C /* ModelData.swift */,
			);
			path = ViewModels;
			sourceTree = "<group>";
		};
		499FB0F7291FBB7800147C33 /* Models */ = {
			isa = PBXGroup;
			children = (
				499FB0FA291FBC0200147C33 /* Contestant.swift */,
				3F5DA77B292E1EB4008A5E9C /* Contest.swift */,
			);
			path = Models;
			sourceTree = "<group>";
		};
		499FB0F8291FBB7D00147C33 /* Data */ = {
			isa = PBXGroup;
			children = (
				499FB0FC291FBCDC00147C33 /* contestants.json */,
				3F3AC8A929220F860030A2D9 /* keypoints.json */,
				3F5DA783292E2C69008A5E9C /* contestData.json */,
			);
			path = Data;
			sourceTree = "<group>";
		};
		499FB0F9291FBBB800147C33 /* Views */ = {
			isa = PBXGroup;
			children = (
				49DA205029324656007664EA /* TabViews */,
				3F1948E5291F9D7E00F806C9 /* LakeView.swift */,
				497A634B291FED9A009EA321 /* LaunchScreenView.swift */,
				3F3AC8AF2922250B0030A2D9 /* SpaceView.swift */,
			);
			path = Views;
			sourceTree = "<group>";
		};
		499FB0FE291FBD3700147C33 /* Services */ = {
			isa = PBXGroup;
			children = (
				499FB0FF291FBD4F00147C33 /* DataService.swift */,
			);
			path = Services;
			sourceTree = "<group>";
		};
		49DA205029324656007664EA /* TabViews */ = {
			isa = PBXGroup;
			children = (
				49ECC4752921151A0048E9BB /* ZzTabView.swift */,
				49DA20512932469F007664EA /* Tab1 */,
				49DA2052293246A7007664EA /* Tab2 */,
				49DA2053293246CC007664EA /* Tab3 */,
				49DA2054293246DE007664EA /* Tab4 */,
			);
			path = TabViews;
			sourceTree = "<group>";
		};
		49DA20512932469F007664EA /* Tab1 */ = {
			isa = PBXGroup;
			children = (
				497A634C291FED9A009EA321 /* ContentView.swift */,
				499FB101291FBD6700147C33 /* ContestantView.swift */,
				499213592921F950009775EF /* CircularProgressView.swift */,
			);
			path = Tab1;
			sourceTree = "<group>";
		};
		49DA2052293246A7007664EA /* Tab2 */ = {
			isa = PBXGroup;
			children = (
			);
			path = Tab2;
			sourceTree = "<group>";
		};
		49DA2053293246CC007664EA /* Tab3 */ = {
			isa = PBXGroup;
			children = (
				E7A4B399293767830019A0EB /* PrivateSleepViewController.swift */,
				4952CEC9292942F100C19886 /* SleepNavigationView.swift */,
				3F5DA779292E1D8C008A5E9C /* SleepContestView.swift */,
				3F5DA77F292E238B008A5E9C /* ContestRow.swift */,
				3FB1DBAE292F2B2300F5C12A /* ContestItem.swift */,
			);
			path = Tab3;
			sourceTree = "<group>";
		};
		49DA2054293246DE007664EA /* Tab4 */ = {
			isa = PBXGroup;
			children = (
				496DEEEA292E153F0037C0E7 /* ProfileView.swift */,
				49881F22292F27B500BB59F3 /* ModalView.swift */,
			);
			path = Tab4;
			sourceTree = "<group>";
		};
		49F380512928F3C0007E96B4 /* Authentication */ = {
			isa = PBXGroup;
			children = (
				49F380522928F51A007E96B4 /* LoginView.swift */,
				49F380552928FD58007E96B4 /* SignInWithApple.swift */,
			);
			path = Authentication;
			sourceTree = "<group>";
		};
		E730A93C291BB9490033B05C = {
			isa = PBXGroup;
			children = (
				E730A947291BB9490033B05C /* ZalZaZa */,
				E730A946291BB9490033B05C /* Products */,
			);
			sourceTree = "<group>";
		};
		E730A946291BB9490033B05C /* Products */ = {
			isa = PBXGroup;
			children = (
				E730A945291BB9490033B05C /* ZalZaZa.app */,
			);
			name = Products;
			sourceTree = "<group>";
		};
		E730A947291BB9490033B05C /* ZalZaZa */ = {
			isa = PBXGroup;
			children = (
				E7A4B3A729376AF30019A0EB /* GoogleService-Info.plist */,
				E7A4B3A4293768830019A0EB /* Extensions */,
				E7A4B39B293768300019A0EB /* CoreML */,
				49881F402931012A00BB59F3 /* ImagePicker */,
				49F380512928F3C0007E96B4 /* Authentication */,
				499FB0FE291FBD3700147C33 /* Services */,
				E730A959291BBA2B0033B05C /* UI */,
				499FB0F6291FBB7100147C33 /* ViewModels */,
				499FB0F7291FBB7800147C33 /* Models */,
				499FB0F8291FBB7D00147C33 /* Data */,
				E730A95A291BBA360033B05C /* APP */,
				E730A94C291BB94A0033B05C /* Assets.xcassets */,
				E730A94E291BB94A0033B05C /* Preview Content */,
			);
			path = ZalZaZa;
			sourceTree = "<group>";
		};
		E730A94E291BB94A0033B05C /* Preview Content */ = {
			isa = PBXGroup;
			children = (
				E730A94F291BB94A0033B05C /* Preview Assets.xcassets */,
			);
			path = "Preview Content";
			sourceTree = "<group>";
		};
		E730A959291BBA2B0033B05C /* UI */ = {
			isa = PBXGroup;
			children = (
				499FB0F9291FBBB800147C33 /* Views */,
				3FF23E37291F96E800E38AA3 /* CalmLakeScene.scn */,
				3F3AC8AD2922219D0030A2D9 /* SpaceScene.scn */,
				3F3AC8AB292220820030A2D9 /* OsoTed8.dae */,
			);
			path = UI;
			sourceTree = "<group>";
		};
		E730A95A291BBA360033B05C /* APP */ = {
			isa = PBXGroup;
			children = (
				E730A948291BB9490033B05C /* ZalZaZaApp.swift */,
			);
			path = APP;
			sourceTree = "<group>";
		};
		E7A4B39B293768300019A0EB /* CoreML */ = {
			isa = PBXGroup;
			children = (
				E7A4B39D2937683B0019A0EB /* BlazePose.swift */,
				E7A4B39E2937683B0019A0EB /* BlazePoseOutput.swift */,
				E7A4B39F2937683B0019A0EB /* BlazePoseRGBInput.swift */,
				E7A4B39C2937683B0019A0EB /* model_coreml_float32.mlmodel */,
			);
			path = CoreML;
			sourceTree = "<group>";
		};
		E7A4B3A4293768830019A0EB /* Extensions */ = {
			isa = PBXGroup;
			children = (
				E7A4B3A5293768920019A0EB /* CGImage+Extension.swift */,
			);
			path = Extensions;
			sourceTree = "<group>";
		};
/* End PBXGroup section */

/* Begin PBXNativeTarget section */
		E730A944291BB9490033B05C /* ZalZaZa */ = {
			isa = PBXNativeTarget;
			buildConfigurationList = E730A953291BB94A0033B05C /* Build configuration list for PBXNativeTarget "ZalZaZa" */;
			buildPhases = (
				E730A941291BB9490033B05C /* Sources */,
				E730A942291BB9490033B05C /* Frameworks */,
				E730A943291BB9490033B05C /* Resources */,
			);
			buildRules = (
			);
			dependencies = (
			);
			name = ZalZaZa;
			packageProductDependencies = (
				497AB4A4292DBB9400E0A3C2 /* FirebaseAuth */,
				497AB4A6292DBB9400E0A3C2 /* FirebaseFirestore */,
				497AB4A8292DBB9400E0A3C2 /* FirebaseStorage */,
			);
			productName = ZalZaZa;
			productReference = E730A945291BB9490033B05C /* ZalZaZa.app */;
			productType = "com.apple.product-type.application";
		};
/* End PBXNativeTarget section */

/* Begin PBXProject section */
		E730A93D291BB9490033B05C /* Project object */ = {
			isa = PBXProject;
			attributes = {
				BuildIndependentTargetsInParallel = 1;
				LastSwiftUpdateCheck = 1400;
				LastUpgradeCheck = 1400;
				TargetAttributes = {
					E730A944291BB9490033B05C = {
						CreatedOnToolsVersion = 14.0.1;
					};
				};
			};
			buildConfigurationList = E730A940291BB9490033B05C /* Build configuration list for PBXProject "ZalZaZa" */;
			compatibilityVersion = "Xcode 14.0";
			developmentRegion = en;
			hasScannedForEncodings = 0;
			knownRegions = (
				en,
				Base,
			);
			mainGroup = E730A93C291BB9490033B05C;
			packageReferences = (
				497AB4A3292DBB9400E0A3C2 /* XCRemoteSwiftPackageReference "firebase-ios-sdk" */,
			);
			productRefGroup = E730A946291BB9490033B05C /* Products */;
			projectDirPath = "";
			projectRoot = "";
			targets = (
				E730A944291BB9490033B05C /* ZalZaZa */,
			);
		};
/* End PBXProject section */

/* Begin PBXResourcesBuildPhase section */
		E730A943291BB9490033B05C /* Resources */ = {
			isa = PBXResourcesBuildPhase;
			buildActionMask = 2147483647;
			files = (
				3F3AC8AA29220F860030A2D9 /* keypoints.json in Resources */,
				E730A950291BB94A0033B05C /* Preview Assets.xcassets in Resources */,
				E7A4B3A829376AF30019A0EB /* GoogleService-Info.plist in Resources */,
				3F5DA784292E2C69008A5E9C /* contestData.json in Resources */,
				3FF23E38291F96E800E38AA3 /* CalmLakeScene.scn in Resources */,
				3F3AC8AE2922219D0030A2D9 /* SpaceScene.scn in Resources */,
				E730A94D291BB94A0033B05C /* Assets.xcassets in Resources */,
				499FB0FD291FBCDC00147C33 /* contestants.json in Resources */,
				3F3AC8AC292220820030A2D9 /* OsoTed8.dae in Resources */,
			);
			runOnlyForDeploymentPostprocessing = 0;
		};
/* End PBXResourcesBuildPhase section */

/* Begin PBXSourcesBuildPhase section */
		E730A941291BB9490033B05C /* Sources */ = {
			isa = PBXSourcesBuildPhase;
			buildActionMask = 2147483647;
			files = (
				3F5DA77A292E1D8C008A5E9C /* SleepContestView.swift in Sources */,
				49E09E4F292E7AC400C13F07 /* PreviewModel.swift in Sources */,
				3F1948E6291F9D7E00F806C9 /* LakeView.swift in Sources */,
				E730A949291BB9490033B05C /* ZalZaZaApp.swift in Sources */,
				49881F23292F27B500BB59F3 /* ModalView.swift in Sources */,
				E7A4B3A12937683B0019A0EB /* BlazePose.swift in Sources */,
				3F3AC8B02922250B0030A2D9 /* SpaceView.swift in Sources */,
				E7A4B3A02937683B0019A0EB /* model_coreml_float32.mlmodel in Sources */,
				497A634E291FED9A009EA321 /* ContentView.swift in Sources */,
				497A634D291FED9A009EA321 /* LaunchScreenView.swift in Sources */,
				499FB0FB291FBC0200147C33 /* Contestant.swift in Sources */,
				49F380532928F51A007E96B4 /* LoginView.swift in Sources */,
				3F5DA77C292E1EB4008A5E9C /* Contest.swift in Sources */,
				496DEEEB292E153F0037C0E7 /* ProfileView.swift in Sources */,
				499FB100291FBD4F00147C33 /* DataService.swift in Sources */,
				49881F422931015100BB59F3 /* ImagePicker.swift in Sources */,
				E7A4B3A6293768920019A0EB /* CGImage+Extension.swift in Sources */,
				3F5DA780292E238B008A5E9C /* ContestRow.swift in Sources */,
				3F5DA782292E2A53008A5E9C /* ModelData.swift in Sources */,
				E7A4B3A32937683B0019A0EB /* BlazePoseRGBInput.swift in Sources */,
				499FB102291FBD6700147C33 /* ContestantView.swift in Sources */,
				49ECC4762921151A0048E9BB /* ZzTabView.swift in Sources */,
				49F380562928FD58007E96B4 /* SignInWithApple.swift in Sources */,
				3FB1DBAF292F2B2300F5C12A /* ContestItem.swift in Sources */,
				E7A4B39A293767830019A0EB /* PrivateSleepViewController.swift in Sources */,
				4992135A2921F950009775EF /* CircularProgressView.swift in Sources */,
				E7A4B3A22937683B0019A0EB /* BlazePoseOutput.swift in Sources */,
				4952CECA292942F100C19886 /* SleepNavigationView.swift in Sources */,
				499FB104291FBDB000147C33 /* ContestantModel.swift in Sources */,
			);
			runOnlyForDeploymentPostprocessing = 0;
		};
/* End PBXSourcesBuildPhase section */

/* Begin XCBuildConfiguration section */
		E730A951291BB94A0033B05C /* Debug */ = {
			isa = XCBuildConfiguration;
			buildSettings = {
				ALWAYS_SEARCH_USER_PATHS = NO;
				CLANG_ANALYZER_NONNULL = YES;
				CLANG_ANALYZER_NUMBER_OBJECT_CONVERSION = YES_AGGRESSIVE;
				CLANG_CXX_LANGUAGE_STANDARD = "gnu++20";
				CLANG_ENABLE_MODULES = YES;
				CLANG_ENABLE_OBJC_ARC = YES;
				CLANG_ENABLE_OBJC_WEAK = YES;
				CLANG_WARN_BLOCK_CAPTURE_AUTORELEASING = YES;
				CLANG_WARN_BOOL_CONVERSION = YES;
				CLANG_WARN_COMMA = YES;
				CLANG_WARN_CONSTANT_CONVERSION = YES;
				CLANG_WARN_DEPRECATED_OBJC_IMPLEMENTATIONS = YES;
				CLANG_WARN_DIRECT_OBJC_ISA_USAGE = YES_ERROR;
				CLANG_WARN_DOCUMENTATION_COMMENTS = YES;
				CLANG_WARN_EMPTY_BODY = YES;
				CLANG_WARN_ENUM_CONVERSION = YES;
				CLANG_WARN_INFINITE_RECURSION = YES;
				CLANG_WARN_INT_CONVERSION = YES;
				CLANG_WARN_NON_LITERAL_NULL_CONVERSION = YES;
				CLANG_WARN_OBJC_IMPLICIT_RETAIN_SELF = YES;
				CLANG_WARN_OBJC_LITERAL_CONVERSION = YES;
				CLANG_WARN_OBJC_ROOT_CLASS = YES_ERROR;
				CLANG_WARN_QUOTED_INCLUDE_IN_FRAMEWORK_HEADER = YES;
				CLANG_WARN_RANGE_LOOP_ANALYSIS = YES;
				CLANG_WARN_STRICT_PROTOTYPES = YES;
				CLANG_WARN_SUSPICIOUS_MOVE = YES;
				CLANG_WARN_UNGUARDED_AVAILABILITY = YES_AGGRESSIVE;
				CLANG_WARN_UNREACHABLE_CODE = YES;
				CLANG_WARN__DUPLICATE_METHOD_MATCH = YES;
				COPY_PHASE_STRIP = NO;
				DEBUG_INFORMATION_FORMAT = dwarf;
				ENABLE_STRICT_OBJC_MSGSEND = YES;
				ENABLE_TESTABILITY = YES;
				GCC_C_LANGUAGE_STANDARD = gnu11;
				GCC_DYNAMIC_NO_PIC = NO;
				GCC_NO_COMMON_BLOCKS = YES;
				GCC_OPTIMIZATION_LEVEL = 0;
				GCC_PREPROCESSOR_DEFINITIONS = (
					"DEBUG=1",
					"$(inherited)",
				);
				GCC_WARN_64_TO_32_BIT_CONVERSION = YES;
				GCC_WARN_ABOUT_RETURN_TYPE = YES_ERROR;
				GCC_WARN_UNDECLARED_SELECTOR = YES;
				GCC_WARN_UNINITIALIZED_AUTOS = YES_AGGRESSIVE;
				GCC_WARN_UNUSED_FUNCTION = YES;
				GCC_WARN_UNUSED_VARIABLE = YES;
				IPHONEOS_DEPLOYMENT_TARGET = 16.0;
				MTL_ENABLE_DEBUG_INFO = INCLUDE_SOURCE;
				MTL_FAST_MATH = YES;
				ONLY_ACTIVE_ARCH = YES;
				SDKROOT = iphoneos;
				SWIFT_ACTIVE_COMPILATION_CONDITIONS = DEBUG;
				SWIFT_OPTIMIZATION_LEVEL = "-Onone";
			};
			name = Debug;
		};
		E730A952291BB94A0033B05C /* Release */ = {
			isa = XCBuildConfiguration;
			buildSettings = {
				ALWAYS_SEARCH_USER_PATHS = NO;
				CLANG_ANALYZER_NONNULL = YES;
				CLANG_ANALYZER_NUMBER_OBJECT_CONVERSION = YES_AGGRESSIVE;
				CLANG_CXX_LANGUAGE_STANDARD = "gnu++20";
				CLANG_ENABLE_MODULES = YES;
				CLANG_ENABLE_OBJC_ARC = YES;
				CLANG_ENABLE_OBJC_WEAK = YES;
				CLANG_WARN_BLOCK_CAPTURE_AUTORELEASING = YES;
				CLANG_WARN_BOOL_CONVERSION = YES;
				CLANG_WARN_COMMA = YES;
				CLANG_WARN_CONSTANT_CONVERSION = YES;
				CLANG_WARN_DEPRECATED_OBJC_IMPLEMENTATIONS = YES;
				CLANG_WARN_DIRECT_OBJC_ISA_USAGE = YES_ERROR;
				CLANG_WARN_DOCUMENTATION_COMMENTS = YES;
				CLANG_WARN_EMPTY_BODY = YES;
				CLANG_WARN_ENUM_CONVERSION = YES;
				CLANG_WARN_INFINITE_RECURSION = YES;
				CLANG_WARN_INT_CONVERSION = YES;
				CLANG_WARN_NON_LITERAL_NULL_CONVERSION = YES;
				CLANG_WARN_OBJC_IMPLICIT_RETAIN_SELF = YES;
				CLANG_WARN_OBJC_LITERAL_CONVERSION = YES;
				CLANG_WARN_OBJC_ROOT_CLASS = YES_ERROR;
				CLANG_WARN_QUOTED_INCLUDE_IN_FRAMEWORK_HEADER = YES;
				CLANG_WARN_RANGE_LOOP_ANALYSIS = YES;
				CLANG_WARN_STRICT_PROTOTYPES = YES;
				CLANG_WARN_SUSPICIOUS_MOVE = YES;
				CLANG_WARN_UNGUARDED_AVAILABILITY = YES_AGGRESSIVE;
				CLANG_WARN_UNREACHABLE_CODE = YES;
				CLANG_WARN__DUPLICATE_METHOD_MATCH = YES;
				COPY_PHASE_STRIP = NO;
				DEBUG_INFORMATION_FORMAT = "dwarf-with-dsym";
				ENABLE_NS_ASSERTIONS = NO;
				ENABLE_STRICT_OBJC_MSGSEND = YES;
				GCC_C_LANGUAGE_STANDARD = gnu11;
				GCC_NO_COMMON_BLOCKS = YES;
				GCC_WARN_64_TO_32_BIT_CONVERSION = YES;
				GCC_WARN_ABOUT_RETURN_TYPE = YES_ERROR;
				GCC_WARN_UNDECLARED_SELECTOR = YES;
				GCC_WARN_UNINITIALIZED_AUTOS = YES_AGGRESSIVE;
				GCC_WARN_UNUSED_FUNCTION = YES;
				GCC_WARN_UNUSED_VARIABLE = YES;
				IPHONEOS_DEPLOYMENT_TARGET = 16.0;
				MTL_ENABLE_DEBUG_INFO = NO;
				MTL_FAST_MATH = YES;
				SDKROOT = iphoneos;
				SWIFT_COMPILATION_MODE = wholemodule;
				SWIFT_OPTIMIZATION_LEVEL = "-O";
				VALIDATE_PRODUCT = YES;
			};
			name = Release;
		};
		E730A954291BB94A0033B05C /* Debug */ = {
			isa = XCBuildConfiguration;
			buildSettings = {
				ASSETCATALOG_COMPILER_APPICON_NAME = AppIcon;
				ASSETCATALOG_COMPILER_GLOBAL_ACCENT_COLOR_NAME = AccentColor;
				CODE_SIGN_ENTITLEMENTS = "";
				CODE_SIGN_IDENTITY = "Apple Development";
				CODE_SIGN_STYLE = Automatic;
				CURRENT_PROJECT_VERSION = 1;
				DEVELOPMENT_ASSET_PATHS = "ZalZaZa/Preview\\ Content";
				DEVELOPMENT_TEAM = L6U78J7MGY;
				ENABLE_PREVIEWS = YES;
				GENERATE_INFOPLIST_FILE = YES;
				INFOPLIST_KEY_UIApplicationSceneManifest_Generation = YES;
				INFOPLIST_KEY_UIApplicationSupportsIndirectInputEvents = YES;
				INFOPLIST_KEY_UILaunchScreen_Generation = YES;
				INFOPLIST_KEY_UISupportedInterfaceOrientations_iPad = "UIInterfaceOrientationPortrait UIInterfaceOrientationPortraitUpsideDown UIInterfaceOrientationLandscapeLeft UIInterfaceOrientationLandscapeRight";
				INFOPLIST_KEY_UISupportedInterfaceOrientations_iPhone = "UIInterfaceOrientationPortrait UIInterfaceOrientationLandscapeLeft UIInterfaceOrientationLandscapeRight";
				IPHONEOS_DEPLOYMENT_TARGET = 16.0;
				LD_RUNPATH_SEARCH_PATHS = (
					"$(inherited)",
					"@executable_path/Frameworks",
				);
				MARKETING_VERSION = 1.0;
				PRODUCT_BUNDLE_IDENTIFIER = "DA2022-2.senior.zzz.ZalZa";
				PRODUCT_NAME = "$(TARGET_NAME)";
				PROVISIONING_PROFILE_SPECIFIER = "";
				SWIFT_EMIT_LOC_STRINGS = YES;
				SWIFT_VERSION = 5.0;
				TARGETED_DEVICE_FAMILY = "1,2";
			};
			name = Debug;
		};
		E730A955291BB94A0033B05C /* Release */ = {
			isa = XCBuildConfiguration;
			buildSettings = {
				ASSETCATALOG_COMPILER_APPICON_NAME = AppIcon;
				ASSETCATALOG_COMPILER_GLOBAL_ACCENT_COLOR_NAME = AccentColor;
				CODE_SIGN_ENTITLEMENTS = "";
				CODE_SIGN_IDENTITY = "Apple Development";
				CODE_SIGN_STYLE = Automatic;
				CURRENT_PROJECT_VERSION = 1;
				DEVELOPMENT_ASSET_PATHS = "ZalZaZa/Preview\\ Content";
				DEVELOPMENT_TEAM = L6U78J7MGY;
				ENABLE_PREVIEWS = YES;
				GENERATE_INFOPLIST_FILE = YES;
				INFOPLIST_KEY_UIApplicationSceneManifest_Generation = YES;
				INFOPLIST_KEY_UIApplicationSupportsIndirectInputEvents = YES;
				INFOPLIST_KEY_UILaunchScreen_Generation = YES;
				INFOPLIST_KEY_UISupportedInterfaceOrientations_iPad = "UIInterfaceOrientationPortrait UIInterfaceOrientationPortraitUpsideDown UIInterfaceOrientationLandscapeLeft UIInterfaceOrientationLandscapeRight";
				INFOPLIST_KEY_UISupportedInterfaceOrientations_iPhone = "UIInterfaceOrientationPortrait UIInterfaceOrientationLandscapeLeft UIInterfaceOrientationLandscapeRight";
				IPHONEOS_DEPLOYMENT_TARGET = 16.0;
				LD_RUNPATH_SEARCH_PATHS = (
					"$(inherited)",
					"@executable_path/Frameworks",
				);
				MARKETING_VERSION = 1.0;
				PRODUCT_BUNDLE_IDENTIFIER = "DA2022-2.senior.zzz.ZalZa";
				PRODUCT_NAME = "$(TARGET_NAME)";
				PROVISIONING_PROFILE_SPECIFIER = "";
				SWIFT_EMIT_LOC_STRINGS = YES;
				SWIFT_VERSION = 5.0;
				TARGETED_DEVICE_FAMILY = "1,2";
			};
			name = Release;
		};
/* End XCBuildConfiguration section */

/* Begin XCConfigurationList section */
		E730A940291BB9490033B05C /* Build configuration list for PBXProject "ZalZaZa" */ = {
			isa = XCConfigurationList;
			buildConfigurations = (
				E730A951291BB94A0033B05C /* Debug */,
				E730A952291BB94A0033B05C /* Release */,
			);
			defaultConfigurationIsVisible = 0;
			defaultConfigurationName = Release;
		};
		E730A953291BB94A0033B05C /* Build configuration list for PBXNativeTarget "ZalZaZa" */ = {
			isa = XCConfigurationList;
			buildConfigurations = (
				E730A954291BB94A0033B05C /* Debug */,
				E730A955291BB94A0033B05C /* Release */,
			);
			defaultConfigurationIsVisible = 0;
			defaultConfigurationName = Release;
		};
/* End XCConfigurationList section */

/* Begin XCRemoteSwiftPackageReference section */
		497AB4A3292DBB9400E0A3C2 /* XCRemoteSwiftPackageReference "firebase-ios-sdk" */ = {
			isa = XCRemoteSwiftPackageReference;
			repositoryURL = "https://github.com/firebase/firebase-ios-sdk";
			requirement = {
				branch = master;
				kind = branch;
			};
		};
/* End XCRemoteSwiftPackageReference section */

/* Begin XCSwiftPackageProductDependency section */
		497AB4A4292DBB9400E0A3C2 /* FirebaseAuth */ = {
			isa = XCSwiftPackageProductDependency;
			package = 497AB4A3292DBB9400E0A3C2 /* XCRemoteSwiftPackageReference "firebase-ios-sdk" */;
			productName = FirebaseAuth;
		};
		497AB4A6292DBB9400E0A3C2 /* FirebaseFirestore */ = {
			isa = XCSwiftPackageProductDependency;
			package = 497AB4A3292DBB9400E0A3C2 /* XCRemoteSwiftPackageReference "firebase-ios-sdk" */;
			productName = FirebaseFirestore;
		};
		497AB4A8292DBB9400E0A3C2 /* FirebaseStorage */ = {
			isa = XCSwiftPackageProductDependency;
			package = 497AB4A3292DBB9400E0A3C2 /* XCRemoteSwiftPackageReference "firebase-ios-sdk" */;
			productName = FirebaseStorage;
		};
/* End XCSwiftPackageProductDependency section */
	};
	rootObject = E730A93D291BB9490033B05C /* Project object */;
}
